
Microsoft Visual Studio Solution File, Format Version 12.00
# Visual Studio Version 17
VisualStudioVersion = 17.9.34728.123
MinimumVisualStudioVersion = 10.0.40219.1
Project("{FAE04EC0-301F-11D3-BF4B-00C04F79EFBC}") = "ApiTokenBearer", "ApiTokenBearer\ApiTokenBearer.csproj", "{97CDA6E3-4BF4-48D4-8327-8BB93BC623B4}"
EndProject
Global
	GlobalSection(SolutionConfigurationPlatforms) = preSolution
		Debug|Any CPU = Debug|Any CPU
		Release|Any CPU = Release|Any CPU
	EndGlobalSection
	GlobalSection(ProjectConfigurationPlatforms) = postSolution
		{97CDA6E3-4BF4-48D4-8327-8BB93BC623B4}.Debug|Any CPU.ActiveCfg = Debug|Any CPU
		{97CDA6E3-4BF4-48D4-8327-8BB93BC623B4}.Debug|Any CPU.Build.0 = Debug|Any CPU
		{97CDA6E3-4BF4-48D4-8327-8BB93BC623B4}.Release|Any CPU.ActiveCfg = Release|Any CPU
		{97CDA6E3-4BF4-48D4-8327-8BB93BC623B4}.Release|Any CPU.Build.0 = Release|Any CPU
	EndGlobalSection
	GlobalSection(SolutionProperties) = preSolution
		HideSolutionNode = FALSE
	EndGlobalSection
	GlobalSection(ExtensibilityGlobals) = postSolution
		SolutionGuid = {618F29C6-5CB7-414B-AE98-9F0A3627C28D}
	EndGlobalSection
EndGlobal
